// !$*UTF8*$!
{
	archiveVersion = 1;
	classes = {
	};
	objectVersion = 50;
	objects = {

/* Begin PBXBuildFile section */
		9172F51A25D20E370018473D /* AppDelegate.swift in Sources */ = {isa = PBXBuildFile; fileRef = 9172F51925D20E360018473D /* AppDelegate.swift */; };
		9172F51C25D20E370018473D /* SceneDelegate.swift in Sources */ = {isa = PBXBuildFile; fileRef = 9172F51B25D20E370018473D /* SceneDelegate.swift */; };
		9172F51E25D20E370018473D /* ViewController.swift in Sources */ = {isa = PBXBuildFile; fileRef = 9172F51D25D20E370018473D /* ViewController.swift */; };
		9172F52125D20E370018473D /* Main.storyboard in Resources */ = {isa = PBXBuildFile; fileRef = 9172F51F25D20E370018473D /* Main.storyboard */; };
		9172F52325D20E3B0018473D /* Assets.xcassets in Resources */ = {isa = PBXBuildFile; fileRef = 9172F52225D20E3B0018473D /* Assets.xcassets */; };
		9172F52625D20E3B0018473D /* LaunchScreen.storyboard in Resources */ = {isa = PBXBuildFile; fileRef = 9172F52425D20E3B0018473D /* LaunchScreen.storyboard */; };
		9172F53125D20E3B0018473D /* GesturesTests.swift in Sources */ = {isa = PBXBuildFile; fileRef = 9172F53025D20E3B0018473D /* GesturesTests.swift */; };
		9172F53C25D20E3C0018473D /* GesturesUITests.swift in Sources */ = {isa = PBXBuildFile; fileRef = 9172F53B25D20E3C0018473D /* GesturesUITests.swift */; };
/* End PBXBuildFile section */

/* Begin PBXContainerItemProxy section */
		9172F52D25D20E3B0018473D /* PBXContainerItemProxy */ = {
			isa = PBXContainerItemProxy;
			containerPortal = 9172F50E25D20E360018473D /* Project object */;
			proxyType = 1;
			remoteGlobalIDString = 9172F51525D20E360018473D;
			remoteInfo = Gestures;
		};
		9172F53825D20E3C0018473D /* PBXContainerItemProxy */ = {
			isa = PBXContainerItemProxy;
			containerPortal = 9172F50E25D20E360018473D /* Project object */;
			proxyType = 1;
			remoteGlobalIDString = 9172F51525D20E360018473D;
			remoteInfo = Gestures;
		};
/* End PBXContainerItemProxy section */

/* Begin PBXFileReference section */
		9172F51625D20E360018473D /* Gestures.app */ = {isa = PBXFileReference; explicitFileType = wrapper.application; includeInIndex = 0; path = Gestures.app; sourceTree = BUILT_PRODUCTS_DIR; };
		9172F51925D20E360018473D /* AppDelegate.swift */ = {isa = PBXFileReference; lastKnownFileType = sourcecode.swift; path = AppDelegate.swift; sourceTree = "<group>"; };
		9172F51B25D20E370018473D /* SceneDelegate.swift */ = {isa = PBXFileReference; lastKnownFileType = sourcecode.swift; path = SceneDelegate.swift; sourceTree = "<group>"; };
		9172F51D25D20E370018473D /* ViewController.swift */ = {isa = PBXFileReference; lastKnownFileType = sourcecode.swift; path = ViewController.swift; sourceTree = "<group>"; };
		9172F52025D20E370018473D /* Base */ = {isa = PBXFileReference; lastKnownFileType = file.storyboard; name = Base; path = Base.lproj/Main.storyboard; sourceTree = "<group>"; };
		9172F52225D20E3B0018473D /* Assets.xcassets */ = {isa = PBXFileReference; lastKnownFileType = folder.assetcatalog; path = Assets.xcassets; sourceTree = "<group>"; };
		9172F52525D20E3B0018473D /* Base */ = {isa = PBXFileReference; lastKnownFileType = file.storyboard; name = Base; path = Base.lproj/LaunchScreen.storyboard; sourceTree = "<group>"; };
		9172F52725D20E3B0018473D /* Info.plist */ = {isa = PBXFileReference; lastKnownFileType = text.plist.xml; path = Info.plist; sourceTree = "<group>"; };
		9172F52C25D20E3B0018473D /* GesturesTests.xctest */ = {isa = PBXFileReference; explicitFileType = wrapper.cfbundle; includeInIndex = 0; path = GesturesTests.xctest; sourceTree = BUILT_PRODUCTS_DIR; };
		9172F53025D20E3B0018473D /* GesturesTests.swift */ = {isa = PBXFileReference; lastKnownFileType = sourcecode.swift; path = GesturesTests.swift; sourceTree = "<group>"; };
		9172F53225D20E3B0018473D /* Info.plist */ = {isa = PBXFileReference; lastKnownFileType = text.plist.xml; path = Info.plist; sourceTree = "<group>"; };
		9172F53725D20E3C0018473D /* GesturesUITests.xctest */ = {isa = PBXFileReference; explicitFileType = wrapper.cfbundle; includeInIndex = 0; path = GesturesUITests.xctest; sourceTree = BUILT_PRODUCTS_DIR; };
		9172F53B25D20E3C0018473D /* GesturesUITests.swift */ = {isa = PBXFileReference; lastKnownFileType = sourcecode.swift; path = GesturesUITests.swift; sourceTree = "<group>"; };
		9172F53D25D20E3C0018473D /* Info.plist */ = {isa = PBXFileReference; lastKnownFileType = text.plist.xml; path = Info.plist; sourceTree = "<group>"; };
/* End PBXFileReference section */

/* Begin PBXFrameworksBuildPhase section */
		9172F51325D20E360018473D /* Frameworks */ = {
			isa = PBXFrameworksBuildPhase;
			buildActionMask = 2147483647;
			files = (
			);
			runOnlyForDeploymentPostprocessing = 0;
		};
		9172F52925D20E3B0018473D /* Frameworks */ = {
			isa = PBXFrameworksBuildPhase;
			buildActionMask = 2147483647;
			files = (
			);
			runOnlyForDeploymentPostprocessing = 0;
		};
		9172F53425D20E3C0018473D /* Frameworks */ = {
			isa = PBXFrameworksBuildPhase;
			buildActionMask = 2147483647;
			files = (
			);
			runOnlyForDeploymentPostprocessing = 0;
		};
/* End PBXFrameworksBuildPhase section */

/* Begin PBXGroup section */
		9172F50D25D20E360018473D = {
			isa = PBXGroup;
			children = (
				9172F51825D20E360018473D /* Gestures */,
				9172F52F25D20E3B0018473D /* GesturesTests */,
				9172F53A25D20E3C0018473D /* GesturesUITests */,
				9172F51725D20E360018473D /* Products */,
			);
			sourceTree = "<group>";
		};
		9172F51725D20E360018473D /* Products */ = {
			isa = PBXGroup;
			children = (
				9172F51625D20E360018473D /* Gestures.app */,
				9172F52C25D20E3B0018473D /* GesturesTests.xctest */,
				9172F53725D20E3C0018473D /* GesturesUITests.xctest */,
			);
			name = Products;
			sourceTree = "<group>";
		};
		9172F51825D20E360018473D /* Gestures */ = {
			isa = PBXGroup;
			children = (
				9172F51925D20E360018473D /* AppDelegate.swift */,
				9172F51B25D20E370018473D /* SceneDelegate.swift */,
				9172F51D25D20E370018473D /* ViewController.swift */,
				9172F51F25D20E370018473D /* Main.storyboard */,
				9172F52225D20E3B0018473D /* Assets.xcassets */,
				9172F52425D20E3B0018473D /* LaunchScreen.storyboard */,
				9172F52725D20E3B0018473D /* Info.plist */,
			);
			path = Gestures;
			sourceTree = "<group>";
		};
		9172F52F25D20E3B0018473D /* GesturesTests */ = {
			isa = PBXGroup;
			children = (
				9172F53025D20E3B0018473D /* GesturesTests.swift */,
				9172F53225D20E3B0018473D /* Info.plist */,
			);
			path = GesturesTests;
			sourceTree = "<group>";
		};
		9172F53A25D20E3C0018473D /* GesturesUITests */ = {
			isa = PBXGroup;
			children = (
				9172F53B25D20E3C0018473D /* GesturesUITests.swift */,
				9172F53D25D20E3C0018473D /* Info.plist */,
			);
			path = GesturesUITests;
			sourceTree = "<group>";
		};
/* End PBXGroup section */

/* Begin PBXNativeTarget section */
		9172F51525D20E360018473D /* Gestures */ = {
			isa = PBXNativeTarget;
			buildConfigurationList = 9172F54025D20E3C0018473D /* Build configuration list for PBXNativeTarget "Gestures" */;
			buildPhases = (
				9172F51225D20E360018473D /* Sources */,
				9172F51325D20E360018473D /* Frameworks */,
				9172F51425D20E360018473D /* Resources */,
			);
			buildRules = (
			);
			dependencies = (
			);
			name = Gestures;
			productName = Gestures;
			productReference = 9172F51625D20E360018473D /* Gestures.app */;
			productType = "com.apple.product-type.application";
		};
		9172F52B25D20E3B0018473D /* GesturesTests */ = {
			isa = PBXNativeTarget;
			buildConfigurationList = 9172F54325D20E3C0018473D /* Build configuration list for PBXNativeTarget "GesturesTests" */;
			buildPhases = (
				9172F52825D20E3B0018473D /* Sources */,
				9172F52925D20E3B0018473D /* Frameworks */,
				9172F52A25D20E3B0018473D /* Resources */,
			);
			buildRules = (
			);
			dependencies = (
				9172F52E25D20E3B0018473D /* PBXTargetDependency */,
			);
			name = GesturesTests;
			productName = GesturesTests;
			productReference = 9172F52C25D20E3B0018473D /* GesturesTests.xctest */;
			productType = "com.apple.product-type.bundle.unit-test";
		};
		9172F53625D20E3C0018473D /* GesturesUITests */ = {
			isa = PBXNativeTarget;
			buildConfigurationList = 9172F54625D20E3C0018473D /* Build configuration list for PBXNativeTarget "GesturesUITests" */;
			buildPhases = (
				9172F53325D20E3C0018473D /* Sources */,
				9172F53425D20E3C0018473D /* Frameworks */,
				9172F53525D20E3C0018473D /* Resources */,
			);
			buildRules = (
			);
			dependencies = (
				9172F53925D20E3C0018473D /* PBXTargetDependency */,
			);
			name = GesturesUITests;
			productName = GesturesUITests;
			productReference = 9172F53725D20E3C0018473D /* GesturesUITests.xctest */;
			productType = "com.apple.product-type.bundle.ui-testing";
		};
/* End PBXNativeTarget section */

/* Begin PBXProject section */
		9172F50E25D20E360018473D /* Project object */ = {
			isa = PBXProject;
			attributes = {
				LastSwiftUpdateCheck = 1240;
				LastUpgradeCheck = 1240;
				TargetAttributes = {
					9172F51525D20E360018473D = {
						CreatedOnToolsVersion = 12.4;
					};
					9172F52B25D20E3B0018473D = {
						CreatedOnToolsVersion = 12.4;
						TestTargetID = 9172F51525D20E360018473D;
					};
					9172F53625D20E3C0018473D = {
						CreatedOnToolsVersion = 12.4;
						TestTargetID = 9172F51525D20E360018473D;
					};
				};
			};
			buildConfigurationList = 9172F51125D20E360018473D /* Build configuration list for PBXProject "Gestures" */;
			compatibilityVersion = "Xcode 9.3";
			developmentRegion = en;
			hasScannedForEncodings = 0;
			knownRegions = (
				en,
				Base,
			);
			mainGroup = 9172F50D25D20E360018473D;
			productRefGroup = 9172F51725D20E360018473D /* Products */;
			projectDirPath = "";
			projectRoot = "";
			targets = (
				9172F51525D20E360018473D /* Gestures */,
				9172F52B25D20E3B0018473D /* GesturesTests */,
				9172F53625D20E3C0018473D /* GesturesUITests */,
			);
		};
/* End PBXProject section */

/* Begin PBXResourcesBuildPhase section */
		9172F51425D20E360018473D /* Resources */ = {
			isa = PBXResourcesBuildPhase;
			buildActionMask = 2147483647;
			files = (
				9172F52625D20E3B0018473D /* LaunchScreen.storyboard in Resources */,
				9172F52325D20E3B0018473D /* Assets.xcassets in Resources */,
				9172F52125D20E370018473D /* Main.storyboard in Resources */,
			);
			runOnlyForDeploymentPostprocessing = 0;
		};
		9172F52A25D20E3B0018473D /* Resources */ = {
			isa = PBXResourcesBuildPhase;
			buildActionMask = 2147483647;
			files = (
			);
			runOnlyForDeploymentPostprocessing = 0;
		};
		9172F53525D20E3C0018473D /* Resources */ = {
			isa = PBXResourcesBuildPhase;
			buildActionMask = 2147483647;
			files = (
			);
			runOnlyForDeploymentPostprocessing = 0;
		};
/* End PBXResourcesBuildPhase section */

/* Begin PBXSourcesBuildPhase section */
		9172F51225D20E360018473D /* Sources */ = {
			isa = PBXSourcesBuildPhase;
			buildActionMask = 2147483647;
			files = (
				9172F51E25D20E370018473D /* ViewController.swift in Sources */,
				9172F51A25D20E370018473D /* AppDelegate.swift in Sources */,
				9172F51C25D20E370018473D /* SceneDelegate.swift in Sources */,
			);
			runOnlyForDeploymentPostprocessing = 0;
		};
		9172F52825D20E3B0018473D /* Sources */ = {
			isa = PBXSourcesBuildPhase;
			buildActionMask = 2147483647;
			files = (
				9172F53125D20E3B0018473D /* GesturesTests.swift in Sources */,
			);
			runOnlyForDeploymentPostprocessing = 0;
		};
		9172F53325D20E3C0018473D /* Sources */ = {
			isa = PBXSourcesBuildPhase;
			buildActionMask = 2147483647;
			files = (
				9172F53C25D20E3C0018473D /* GesturesUITests.swift in Sources */,
			);
			runOnlyForDeploymentPostprocessing = 0;
		};
/* End PBXSourcesBuildPhase section */

/* Begin PBXTargetDependency section */
		9172F52E25D20E3B0018473D /* PBXTargetDependency */ = {
			isa = PBXTargetDependency;
			target = 9172F51525D20E360018473D /* Gestures */;
			targetProxy = 9172F52D25D20E3B0018473D /* PBXContainerItemProxy */;
		};
		9172F53925D20E3C0018473D /* PBXTargetDependency */ = {
			isa = PBXTargetDependency;
			target = 9172F51525D20E360018473D /* Gestures */;
			targetProxy = 9172F53825D20E3C0018473D /* PBXContainerItemProxy */;
		};
/* End PBXTargetDependency section */

/* Begin PBXVariantGroup section */
		9172F51F25D20E370018473D /* Main.storyboard */ = {
			isa = PBXVariantGroup;
			children = (
				9172F52025D20E370018473D /* Base */,
			);
			name = Main.storyboard;
			sourceTree = "<group>";
		};
		9172F52425D20E3B0018473D /* LaunchScreen.storyboard */ = {
			isa = PBXVariantGroup;
			children = (
				9172F52525D20E3B0018473D /* Base */,
			);
			name = LaunchScreen.storyboard;
			sourceTree = "<group>";
		};
/* End PBXVariantGroup section */

/* Begin XCBuildConfiguration section */
		9172F53E25D20E3C0018473D /* Debug */ = {
			isa = XCBuildConfiguration;
			buildSettings = {
				ALWAYS_SEARCH_USER_PATHS = NO;
				CLANG_ANALYZER_NONNULL = YES;
				CLANG_ANALYZER_NUMBER_OBJECT_CONVERSION = YES_AGGRESSIVE;
				CLANG_CXX_LANGUAGE_STANDARD = "gnu++14";
				CLANG_CXX_LIBRARY = "libc++";
				CLANG_ENABLE_MODULES = YES;
				CLANG_ENABLE_OBJC_ARC = YES;
				CLANG_ENABLE_OBJC_WEAK = YES;
				CLANG_WARN_BLOCK_CAPTURE_AUTORELEASING = YES;
				CLANG_WARN_BOOL_CONVERSION = YES;
				CLANG_WARN_COMMA = YES;
				CLANG_WARN_CONSTANT_CONVERSION = YES;
				CLANG_WARN_DEPRECATED_OBJC_IMPLEMENTATIONS = YES;
				CLANG_WARN_DIRECT_OBJC_ISA_USAGE = YES_ERROR;
				CLANG_WARN_DOCUMENTATION_COMMENTS = YES;
				CLANG_WARN_EMPTY_BODY = YES;
				CLANG_WARN_ENUM_CONVERSION = YES;
				CLANG_WARN_INFINITE_RECURSION = YES;
				CLANG_WARN_INT_CONVERSION = YES;
				CLANG_WARN_NON_LITERAL_NULL_CONVERSION = YES;
				CLANG_WARN_OBJC_IMPLICIT_RETAIN_SELF = YES;
				CLANG_WARN_OBJC_LITERAL_CONVERSION = YES;
				CLANG_WARN_OBJC_ROOT_CLASS = YES_ERROR;
				CLANG_WARN_QUOTED_INCLUDE_IN_FRAMEWORK_HEADER = YES;
				CLANG_WARN_RANGE_LOOP_ANALYSIS = YES;
				CLANG_WARN_STRICT_PROTOTYPES = YES;
				CLANG_WARN_SUSPICIOUS_MOVE = YES;
				CLANG_WARN_UNGUARDED_AVAILABILITY = YES_AGGRESSIVE;
				CLANG_WARN_UNREACHABLE_CODE = YES;
				CLANG_WARN__DUPLICATE_METHOD_MATCH = YES;
				COPY_PHASE_STRIP = NO;
				DEBUG_INFORMATION_FORMAT = dwarf;
				ENABLE_STRICT_OBJC_MSGSEND = YES;
				ENABLE_TESTABILITY = YES;
				GCC_C_LANGUAGE_STANDARD = gnu11;
				GCC_DYNAMIC_NO_PIC = NO;
				GCC_NO_COMMON_BLOCKS = YES;
				GCC_OPTIMIZATION_LEVEL = 0;
				GCC_PREPROCESSOR_DEFINITIONS = (
					"DEBUG=1",
					"$(inherited)",
				);
				GCC_WARN_64_TO_32_BIT_CONVERSION = YES;
				GCC_WARN_ABOUT_RETURN_TYPE = YES_ERROR;
				GCC_WARN_UNDECLARED_SELECTOR = YES;
				GCC_WARN_UNINITIALIZED_AUTOS = YES_AGGRESSIVE;
				GCC_WARN_UNUSED_FUNCTION = YES;
				GCC_WARN_UNUSED_VARIABLE = YES;
				IPHONEOS_DEPLOYMENT_TARGET = 14.4;
				MTL_ENABLE_DEBUG_INFO = INCLUDE_SOURCE;
				MTL_FAST_MATH = YES;
				ONLY_ACTIVE_ARCH = YES;
				SDKROOT = iphoneos;
				SWIFT_ACTIVE_COMPILATION_CONDITIONS = DEBUG;
				SWIFT_OPTIMIZATION_LEVEL = "-Onone";
			};
			name = Debug;
		};
		9172F53F25D20E3C0018473D /* Release */ = {
			isa = XCBuildConfiguration;
			buildSettings = {
				ALWAYS_SEARCH_USER_PATHS = NO;
				CLANG_ANALYZER_NONNULL = YES;
				CLANG_ANALYZER_NUMBER_OBJECT_CONVERSION = YES_AGGRESSIVE;
				CLANG_CXX_LANGUAGE_STANDARD = "gnu++14";
				CLANG_CXX_LIBRARY = "libc++";
				CLANG_ENABLE_MODULES = YES;
				CLANG_ENABLE_OBJC_ARC = YES;
				CLANG_ENABLE_OBJC_WEAK = YES;
				CLANG_WARN_BLOCK_CAPTURE_AUTORELEASING = YES;
				CLANG_WARN_BOOL_CONVERSION = YES;
				CLANG_WARN_COMMA = YES;
				CLANG_WARN_CONSTANT_CONVERSION = YES;
				CLANG_WARN_DEPRECATED_OBJC_IMPLEMENTATIONS = YES;
				CLANG_WARN_DIRECT_OBJC_ISA_USAGE = YES_ERROR;
				CLANG_WARN_DOCUMENTATION_COMMENTS = YES;
				CLANG_WARN_EMPTY_BODY = YES;
				CLANG_WARN_ENUM_CONVERSION = YES;
				CLANG_WARN_INFINITE_RECURSION = YES;
				CLANG_WARN_INT_CONVERSION = YES;
				CLANG_WARN_NON_LITERAL_NULL_CONVERSION = YES;
				CLANG_WARN_OBJC_IMPLICIT_RETAIN_SELF = YES;
				CLANG_WARN_OBJC_LITERAL_CONVERSION = YES;
				CLANG_WARN_OBJC_ROOT_CLASS = YES_ERROR;
				CLANG_WARN_QUOTED_INCLUDE_IN_FRAMEWORK_HEADER = YES;
				CLANG_WARN_RANGE_LOOP_ANALYSIS = YES;
				CLANG_WARN_STRICT_PROTOTYPES = YES;
				CLANG_WARN_SUSPICIOUS_MOVE = YES;
				CLANG_WARN_UNGUARDED_AVAILABILITY = YES_AGGRESSIVE;
				CLANG_WARN_UNREACHABLE_CODE = YES;
				CLANG_WARN__DUPLICATE_METHOD_MATCH = YES;
				COPY_PHASE_STRIP = NO;
				DEBUG_INFORMATION_FORMAT = "dwarf-with-dsym";
				ENABLE_NS_ASSERTIONS = NO;
				ENABLE_STRICT_OBJC_MSGSEND = YES;
				GCC_C_LANGUAGE_STANDARD = gnu11;
				GCC_NO_COMMON_BLOCKS = YES;
				GCC_WARN_64_TO_32_BIT_CONVERSION = YES;
				GCC_WARN_ABOUT_RETURN_TYPE = YES_ERROR;
				GCC_WARN_UNDECLARED_SELECTOR = YES;
				GCC_WARN_UNINITIALIZED_AUTOS = YES_AGGRESSIVE;
				GCC_WARN_UNUSED_FUNCTION = YES;
				GCC_WARN_UNUSED_VARIABLE = YES;
				IPHONEOS_DEPLOYMENT_TARGET = 14.4;
				MTL_ENABLE_DEBUG_INFO = NO;
				MTL_FAST_MATH = YES;
				SDKROOT = iphoneos;
				SWIFT_COMPILATION_MODE = wholemodule;
				SWIFT_OPTIMIZATION_LEVEL = "-O";
				VALIDATE_PRODUCT = YES;
			};
			name = Release;
		};
		9172F54125D20E3C0018473D /* Debug */ = {
			isa = XCBuildConfiguration;
			buildSettings = {
				ASSETCATALOG_COMPILER_APPICON_NAME = AppIcon;
				ASSETCATALOG_COMPILER_GLOBAL_ACCENT_COLOR_NAME = AccentColor;
				CODE_SIGN_STYLE = Automatic;
				DEVELOPMENT_TEAM = CN7BT99T2B;
				INFOPLIST_FILE = Gestures/Info.plist;
				LD_RUNPATH_SEARCH_PATHS = (
					"$(inherited)",
					"@executable_path/Frameworks",
				);
				PRODUCT_BUNDLE_IDENTIFIER = rapidimagingtech.Gestures;
				PRODUCT_NAME = "$(TARGET_NAME)";
				SWIFT_VERSION = 5.0;
				TARGETED_DEVICE_FAMILY = "1,2";
			};
			name = Debug;
		};
		9172F54225D20E3C0018473D /* Release */ = {
			isa = XCBuildConfiguration;
			buildSettings = {
				ASSETCATALOG_COMPILER_APPICON_NAME = AppIcon;
				ASSETCATALOG_COMPILER_GLOBAL_ACCENT_COLOR_NAME = AccentColor;
				CODE_SIGN_STYLE = Automatic;
				DEVELOPMENT_TEAM = CN7BT99T2B;
				INFOPLIST_FILE = Gestures/Info.plist;
				LD_RUNPATH_SEARCH_PATHS = (
					"$(inherited)",
					"@executable_path/Frameworks",
				);
				PRODUCT_BUNDLE_IDENTIFIER = rapidimagingtech.Gestures;
				PRODUCT_NAME = "$(TARGET_NAME)";
				SWIFT_VERSION = 5.0;
				TARGETED_DEVICE_FAMILY = "1,2";
			};
			name = Release;
		};
		9172F54425D20E3C0018473D /* Debug */ = {
			isa = XCBuildConfiguration;
			buildSettings = {
				ALWAYS_EMBED_SWIFT_STANDARD_LIBRARIES = YES;
				BUNDLE_LOADER = "$(TEST_HOST)";
				CODE_SIGN_STYLE = Automatic;
				DEVELOPMENT_TEAM = CN7BT99T2B;
				INFOPLIST_FILE = GesturesTests/Info.plist;
				IPHONEOS_DEPLOYMENT_TARGET = 14.4;
				LD_RUNPATH_SEARCH_PATHS = (
					"$(inherited)",
					"@executable_path/Frameworks",
					"@loader_path/Frameworks",
				);
				PRODUCT_BUNDLE_IDENTIFIER = rapidimagingtech.GesturesTests;
				PRODUCT_NAME = "$(TARGET_NAME)";
				SWIFT_VERSION = 5.0;
				TARGETED_DEVICE_FAMILY = "1,2";
				TEST_HOST = "$(BUILT_PRODUCTS_DIR)/Gestures.app/Gestures";
			};
			name = Debug;
		};
		9172F54525D20E3C0018473D /* Release */ = {
			isa = XCBuildConfiguration;
			buildSettings = {
				ALWAYS_EMBED_SWIFT_STANDARD_LIBRARIES = YES;
				BUNDLE_LOADER = "$(TEST_HOST)";
				CODE_SIGN_STYLE = Automatic;
				DEVELOPMENT_TEAM = CN7BT99T2B;
				INFOPLIST_FILE = GesturesTests/Info.plist;
				IPHONEOS_DEPLOYMENT_TARGET = 14.4;
				LD_RUNPATH_SEARCH_PATHS = (
					"$(inherited)",
					"@executable_path/Frameworks",
					"@loader_path/Frameworks",
				);
				PRODUCT_BUNDLE_IDENTIFIER = rapidimagingtech.GesturesTests;
				PRODUCT_NAME = "$(TARGET_NAME)";
				SWIFT_VERSION = 5.0;
				TARGETED_DEVICE_FAMILY = "1,2";
				TEST_HOST = "$(BUILT_PRODUCTS_DIR)/Gestures.app/Gestures";
			};
			name = Release;
		};
		9172F54725D20E3C0018473D /* Debug */ = {
			isa = XCBuildConfiguration;
			buildSettings = {
				ALWAYS_EMBED_SWIFT_STANDARD_LIBRARIES = YES;
				CODE_SIGN_STYLE = Automatic;
				DEVELOPMENT_TEAM = CN7BT99T2B;
				INFOPLIST_FILE = GesturesUITests/Info.plist;
				LD_RUNPATH_SEARCH_PATHS = (
					"$(inherited)",
					"@executable_path/Frameworks",
					"@loader_path/Frameworks",
				);
				PRODUCT_BUNDLE_IDENTIFIER = rapidimagingtech.GesturesUITests;
				PRODUCT_NAME = "$(TARGET_NAME)";
				SWIFT_VERSION = 5.0;
				TARGETED_DEVICE_FAMILY = "1,2";
				TEST_TARGET_NAME = Gestures;
			};
			name = Debug;
		};
		9172F54825D20E3C0018473D /* Release */ = {
			isa = XCBuildConfiguration;
			buildSettings = {
				ALWAYS_EMBED_SWIFT_STANDARD_LIBRARIES = YES;
				CODE_SIGN_STYLE = Automatic;
				DEVELOPMENT_TEAM = CN7BT99T2B;
				INFOPLIST_FILE = GesturesUITests/Info.plist;
				LD_RUNPATH_SEARCH_PATHS = (
					"$(inherited)",
					"@executable_path/Frameworks",
					"@loader_path/Frameworks",
				);
				PRODUCT_BUNDLE_IDENTIFIER = rapidimagingtech.GesturesUITests;
				PRODUCT_NAME = "$(TARGET_NAME)";
				SWIFT_VERSION = 5.0;
				TARGETED_DEVICE_FAMILY = "1,2";
				TEST_TARGET_NAME = Gestures;
			};
			name = Release;
		};
/* End XCBuildConfiguration section */

/* Begin XCConfigurationList section */
		9172F51125D20E360018473D /* Build configuration list for PBXProject "Gestures" */ = {
			isa = XCConfigurationList;
			buildConfigurations = (
				9172F53E25D20E3C0018473D /* Debug */,
				9172F53F25D20E3C0018473D /* Release */,
			);
			defaultConfigurationIsVisible = 0;
			defaultConfigurationName = Release;
		};
		9172F54025D20E3C0018473D /* Build configuration list for PBXNativeTarget "Gestures" */ = {
			isa = XCConfigurationList;
			buildConfigurations = (
				9172F54125D20E3C0018473D /* Debug */,
				9172F54225D20E3C0018473D /* Release */,
			);
			defaultConfigurationIsVisible = 0;
			defaultConfigurationName = Release;
		};
		9172F54325D20E3C0018473D /* Build configuration list for PBXNativeTarget "GesturesTests" */ = {
			isa = XCConfigurationList;
			buildConfigurations = (
				9172F54425D20E3C0018473D /* Debug */,
				9172F54525D20E3C0018473D /* Release */,
			);
			defaultConfigurationIsVisible = 0;
			defaultConfigurationName = Release;
		};
		9172F54625D20E3C0018473D /* Build configuration list for PBXNativeTarget "GesturesUITests" */ = {
			isa = XCConfigurationList;
			buildConfigurations = (
				9172F54725D20E3C0018473D /* Debug */,
				9172F54825D20E3C0018473D /* Release */,
			);
			defaultConfigurationIsVisible = 0;
			defaultConfigurationName = Release;
		};
/* End XCConfigurationList section */
	};
	rootObject = 9172F50E25D20E360018473D /* Project object */;
}
